{
  "requires": true,
  "lockfileVersion": 1,
  "dependencies": {
    "signature_pad": {
      "version": "4.0.0",
      "resolved": "https://registry.npmjs.org/signature_pad/-/signature_pad-4.0.0.tgz",
      "integrity": "sha512-47I2MULJIHaUAFuVbqMVWwZR+GEl2wH4QKg16OwpQg82GzVUL3Z405Um6sLgVB0xbP5rwqiNzfLTbJwipXvaWA=="
    }
  }
}
